
Microsoft Visual Studio Solution File, Format Version 12.00
# Visual Studio Version 17
VisualStudioVersion = 17.13.35931.197 d17.13
MinimumVisualStudioVersion = 10.0.40219.1
Project("{FAE04EC0-301F-11D3-BF4B-00C04F79EFBC}") = "MVCtesting", "MVCtesting\MVCtesting.csproj", "{2FF73493-97FE-4CBB-A301-32AD8D68271E}"
EndProject
Global
	GlobalSection(SolutionConfigurationPlatforms) = preSolution
		Debug|Any CPU = Debug|Any CPU
		Release|Any CPU = Release|Any CPU
	EndGlobalSection
	GlobalSection(ProjectConfigurationPlatforms) = postSolution
		{2FF73493-97FE-4CBB-A301-32AD8D68271E}.Debug|Any CPU.ActiveCfg = Debug|Any CPU
		{2FF73493-97FE-4CBB-A301-32AD8D68271E}.Debug|Any CPU.Build.0 = Debug|Any CPU
		{2FF73493-97FE-4CBB-A301-32AD8D68271E}.Release|Any CPU.ActiveCfg = Release|Any CPU
		{2FF73493-97FE-4CBB-A301-32AD8D68271E}.Release|Any CPU.Build.0 = Release|Any CPU
	EndGlobalSection
	GlobalSection(SolutionProperties) = preSolution
		HideSolutionNode = FALSE
	EndGlobalSection
	GlobalSection(ExtensibilityGlobals) = postSolution
		SolutionGuid = {AAFBD1B7-0062-42E9-B997-83F09B58FAF9}
	EndGlobalSection
EndGlobal
